PODS:
  - Alamofire (5.7.1)
  - Kingfisher (7.10.1)
  - likeminds-feed-iOS (0.1.0):
    - Kingfisher (~> 7.0)
    - LikeMindsFeed
  - LikeMindsFeed (1.7.0):
    - Alamofire (~> 5.7.1)

DEPENDENCIES:
  - likeminds-feed-iOS (from `../`)

SPEC REPOS:
  trunk:
    - Alamofire
    - Kingfisher
    - LikeMindsFeed

EXTERNAL SOURCES:
  likeminds-feed-iOS:
    :path: "../"

SPEC CHECKSUMS:
  Alamofire: 0123a34370cb170936ae79a8df46cc62b2edeb88
  Kingfisher: bc5abe80a8e0144537ef1dd5a0b2621b04f7f439
  likeminds-feed-iOS: 360716f78792b5aebb4432686465c4d71a787b17
  LikeMindsFeed: 2980dfc0439a131109d9be4c29aa92254dd10b33

PODFILE CHECKSUM: 72a6e09ce49403f95d90d68ffa6ee957941f1a30

COCOAPODS: 1.14.3
