PODS:
  - Alamofire (5.7.1)
  - AWSCognito (2.19.1):
    - AWSCore (= 2.19.1)
  - AWSCore (2.19.1)
  - AWSS3 (2.19.1):
    - AWSCore (= 2.19.1)
  - BSImagePicker (3.3.3)
  - FirebaseCore (11.6.0):
    - FirebaseCoreInternal (~> 11.6.0)
    - GoogleUtilities/Environment (~> 8.0)
    - GoogleUtilities/Logger (~> 8.0)
  - FirebaseCoreInternal (11.6.0):
    - "GoogleUtilities/NSData+zlib (~> 8.0)"
  - FirebaseInstallations (11.6.0):
    - FirebaseCore (~> 11.6.0)
    - GoogleUtilities/Environment (~> 8.0)
    - GoogleUtilities/UserDefaults (~> 8.0)
    - PromisesObjC (~> 2.4)
  - FirebaseMessaging (11.6.0):
    - FirebaseCore (~> 11.6.0)
    - FirebaseInstallations (~> 11.0)
    - GoogleDataTransport (~> 10.0)
    - GoogleUtilities/AppDelegateSwizzler (~> 8.0)
    - GoogleUtilities/Environment (~> 8.0)
    - GoogleUtilities/Reachability (~> 8.0)
    - GoogleUtilities/UserDefaults (~> 8.0)
    - nanopb (~> 3.30910.0)
  - GoogleDataTransport (10.1.0):
    - nanopb (~> 3.30910.0)
    - PromisesObjC (~> 2.4)
  - GoogleUtilities/AppDelegateSwizzler (8.0.2):
    - GoogleUtilities/Environment
    - GoogleUtilities/Logger
    - GoogleUtilities/Network
    - GoogleUtilities/Privacy
  - GoogleUtilities/Environment (8.0.2):
    - GoogleUtilities/Privacy
  - GoogleUtilities/Logger (8.0.2):
    - GoogleUtilities/Environment
    - GoogleUtilities/Privacy
  - GoogleUtilities/Network (8.0.2):
    - GoogleUtilities/Logger
    - "GoogleUtilities/NSData+zlib"
    - GoogleUtilities/Privacy
    - GoogleUtilities/Reachability
  - "GoogleUtilities/NSData+zlib (8.0.2)":
    - GoogleUtilities/Privacy
  - GoogleUtilities/Privacy (8.0.2)
  - GoogleUtilities/Reachability (8.0.2):
    - GoogleUtilities/Logger
    - GoogleUtilities/Privacy
  - GoogleUtilities/UserDefaults (8.0.2):
    - GoogleUtilities/Logger
    - GoogleUtilities/Privacy
  - LikeMindsFeed (1.11.0):
    - Alamofire (~> 5.7.1)
  - LikeMindsFeedCore (1.6.0):
    - AWSCognito
    - AWSCore
    - AWSS3
    - BSImagePicker (~> 3.3.3)
    - FirebaseCore
    - FirebaseMessaging
    - LikeMindsFeed (~> 1.11.0)
    - LikeMindsFeedUI (= 1.6.0)
  - LikeMindsFeedUI (1.6.0)
  - nanopb (3.30910.0):
    - nanopb/decode (= 3.30910.0)
    - nanopb/encode (= 3.30910.0)
  - nanopb/decode (3.30910.0)
  - nanopb/encode (3.30910.0)
  - PromisesObjC (2.4.0)

DEPENDENCIES:
  - LikeMindsFeedCore (from `../LikemindsFeedCore.podspec`)
  - LikeMindsFeedUI (from `../LikeMindsFeedUI.podspec`)

SPEC REPOS:
  trunk:
    - Alamofire
    - AWSCognito
    - AWSCore
    - AWSS3
    - BSImagePicker
    - FirebaseCore
    - FirebaseCoreInternal
    - FirebaseInstallations
    - FirebaseMessaging
    - GoogleDataTransport
    - GoogleUtilities
    - LikeMindsFeed
    - nanopb
    - PromisesObjC

EXTERNAL SOURCES:
  LikeMindsFeedCore:
    :path: "../LikemindsFeedCore.podspec"
  LikeMindsFeedUI:
    :path: "../LikeMindsFeedUI.podspec"

SPEC CHECKSUMS:
  Alamofire: 0123a34370cb170936ae79a8df46cc62b2edeb88
  AWSCognito: f50de600804941d083af37a7568905f31a774727
  AWSCore: 55c154ae27efc5c98bdc30a0eeea5a35d10a2ab5
  AWSS3: 2272253b098d07803af8dd20ce6ce7302bcffb47
  BSImagePicker: 57900b323f951711608acaf97d52e9183530cb6d
  FirebaseCore: 48b0dd707581cf9c1a1220da68223fb0a562afaa
  FirebaseCoreInternal: d98ab91e2d80a56d7b246856a8885443b302c0c2
  FirebaseInstallations: efc0946fc756e4d22d8113f7c761948120322e8c
  FirebaseMessaging: e1aca1fcc23e8b9eddb0e33f375ff90944623021
  GoogleDataTransport: aae35b7ea0c09004c3797d53c8c41f66f219d6a7
  GoogleUtilities: 26a3abef001b6533cf678d3eb38fd3f614b7872d
  LikeMindsFeed: 4ac9e7d3446a868377a515ffc24b0ca6d8e52f84
  LikeMindsFeedCore: 073ccdc1e289638ab77c0ef0af154d4a35e0aaa0
  LikeMindsFeedUI: f6a4c1519c8c43be774598f7c904f519dca477a6
  nanopb: fad817b59e0457d11a5dfbde799381cd727c1275
  PromisesObjC: f5707f49cb48b9636751c5b2e7d227e43fba9f47

PODFILE CHECKSUM: 1d53c33b40776c7caff50e3a2c437782ec02d109

COCOAPODS: 1.16.2
